
Microsoft Visual Studio Solution File, Format Version 12.00
# Visual Studio Version 16
VisualStudioVersion = 16.0.29009.5
MinimumVisualStudioVersion = 10.0.40219.1
Project("{FAE04EC0-301F-11D3-BF4B-00C04F79EFBC}") = "TimCoreySolutions", "TimCoreySolutions\TimCoreySolutions.csproj", "{FAA108CB-8D8B-41AD-819E-082C53CBBB9D}"
EndProject
Project("{FAE04EC0-301F-11D3-BF4B-00C04F79EFBC}") = "TimCoreyTests", "TimCoreyTests\TimCoreyTests.csproj", "{C2B89C56-F9A7-48AB-96CE-58C57FE0F98D}"
EndProject
Global
	GlobalSection(SolutionConfigurationPlatforms) = preSolution
		Debug|Any CPU = Debug|Any CPU
		Release|Any CPU = Release|Any CPU
	EndGlobalSection
	GlobalSection(ProjectConfigurationPlatforms) = postSolution
		{FAA108CB-8D8B-41AD-819E-082C53CBBB9D}.Debug|Any CPU.ActiveCfg = Debug|Any CPU
		{FAA108CB-8D8B-41AD-819E-082C53CBBB9D}.Debug|Any CPU.Build.0 = Debug|Any CPU
		{FAA108CB-8D8B-41AD-819E-082C53CBBB9D}.Release|Any CPU.ActiveCfg = Release|Any CPU
		{FAA108CB-8D8B-41AD-819E-082C53CBBB9D}.Release|Any CPU.Build.0 = Release|Any CPU
		{C2B89C56-F9A7-48AB-96CE-58C57FE0F98D}.Debug|Any CPU.ActiveCfg = Debug|Any CPU
		{C2B89C56-F9A7-48AB-96CE-58C57FE0F98D}.Debug|Any CPU.Build.0 = Debug|Any CPU
		{C2B89C56-F9A7-48AB-96CE-58C57FE0F98D}.Release|Any CPU.ActiveCfg = Release|Any CPU
		{C2B89C56-F9A7-48AB-96CE-58C57FE0F98D}.Release|Any CPU.Build.0 = Release|Any CPU
	EndGlobalSection
	GlobalSection(SolutionProperties) = preSolution
		HideSolutionNode = FALSE
	EndGlobalSection
	GlobalSection(ExtensibilityGlobals) = postSolution
		SolutionGuid = {3004703C-B4FA-4E92-B1CE-EE7EE9C0F604}
	EndGlobalSection
EndGlobal
